// !$*UTF8*$!
{
	archiveVersion = 1;
	classes = {
	};
	objectVersion = 50;
	objects = {

/* Begin PBXBuildFile section */
		98F8115B28E4551200D787A4 /* AppDelegate.swift in Sources */ = {isa = PBXBuildFile; fileRef = 98F8115A28E4551200D787A4 /* AppDelegate.swift */; };
		98F8115D28E4551200D787A4 /* SceneDelegate.swift in Sources */ = {isa = PBXBuildFile; fileRef = 98F8115C28E4551200D787A4 /* SceneDelegate.swift */; };
		98F8115F28E4551200D787A4 /* ViewController.swift in Sources */ = {isa = PBXBuildFile; fileRef = 98F8115E28E4551200D787A4 /* ViewController.swift */; };
		98F8116228E4551200D787A4 /* Main.storyboard in Resources */ = {isa = PBXBuildFile; fileRef = 98F8116028E4551200D787A4 /* Main.storyboard */; };
		98F8116428E4551300D787A4 /* Assets.xcassets in Resources */ = {isa = PBXBuildFile; fileRef = 98F8116328E4551300D787A4 /* Assets.xcassets */; };
		98F8116728E4551300D787A4 /* LaunchScreen.storyboard in Resources */ = {isa = PBXBuildFile; fileRef = 98F8116528E4551300D787A4 /* LaunchScreen.storyboard */; };
		98F8117628E4633800D787A4 /* KeyboardViewController.swift in Sources */ = {isa = PBXBuildFile; fileRef = 98F8117528E4633800D787A4 /* KeyboardViewController.swift */; };
		98F8117A28E4633800D787A4 /* StackEm.appex in Embed App Extensions */ = {isa = PBXBuildFile; fileRef = 98F8117328E4633800D787A4 /* StackEm.appex */; settings = {ATTRIBUTES = (RemoveHeadersOnCopy, ); }; };
		98F8118428E4667500D787A4 /* stackem.png in Resources */ = {isa = PBXBuildFile; fileRef = 98F8118328E4667500D787A4 /* stackem.png */; };
/* End PBXBuildFile section */

/* Begin PBXContainerItemProxy section */
		98F8117828E4633800D787A4 /* PBXContainerItemProxy */ = {
			isa = PBXContainerItemProxy;
			containerPortal = 98F8114F28E4551200D787A4 /* Project object */;
			proxyType = 1;
			remoteGlobalIDString = 98F8117228E4633800D787A4;
			remoteInfo = StackEm;
		};
/* End PBXContainerItemProxy section */

/* Begin PBXCopyFilesBuildPhase section */
		98F8117E28E4633800D787A4 /* Embed App Extensions */ = {
			isa = PBXCopyFilesBuildPhase;
			buildActionMask = 2147483647;
			dstPath = "";
			dstSubfolderSpec = 13;
			files = (
				98F8117A28E4633800D787A4 /* StackEm.appex in Embed App Extensions */,
			);
			name = "Embed App Extensions";
			runOnlyForDeploymentPostprocessing = 0;
		};
/* End PBXCopyFilesBuildPhase section */

/* Begin PBXFileReference section */
		98F8115728E4551200D787A4 /* Keybord.app */ = {isa = PBXFileReference; explicitFileType = wrapper.application; includeInIndex = 0; path = Keybord.app; sourceTree = BUILT_PRODUCTS_DIR; };
		98F8115A28E4551200D787A4 /* AppDelegate.swift */ = {isa = PBXFileReference; lastKnownFileType = sourcecode.swift; path = AppDelegate.swift; sourceTree = "<group>"; };
		98F8115C28E4551200D787A4 /* SceneDelegate.swift */ = {isa = PBXFileReference; lastKnownFileType = sourcecode.swift; path = SceneDelegate.swift; sourceTree = "<group>"; };
		98F8115E28E4551200D787A4 /* ViewController.swift */ = {isa = PBXFileReference; lastKnownFileType = sourcecode.swift; path = ViewController.swift; sourceTree = "<group>"; };
		98F8116128E4551200D787A4 /* Base */ = {isa = PBXFileReference; lastKnownFileType = file.storyboard; name = Base; path = Base.lproj/Main.storyboard; sourceTree = "<group>"; };
		98F8116328E4551300D787A4 /* Assets.xcassets */ = {isa = PBXFileReference; lastKnownFileType = folder.assetcatalog; path = Assets.xcassets; sourceTree = "<group>"; };
		98F8116628E4551300D787A4 /* Base */ = {isa = PBXFileReference; lastKnownFileType = file.storyboard; name = Base; path = Base.lproj/LaunchScreen.storyboard; sourceTree = "<group>"; };
		98F8116828E4551300D787A4 /* Info.plist */ = {isa = PBXFileReference; lastKnownFileType = text.plist.xml; path = Info.plist; sourceTree = "<group>"; };
		98F8117328E4633800D787A4 /* StackEm.appex */ = {isa = PBXFileReference; explicitFileType = "wrapper.app-extension"; includeInIndex = 0; path = StackEm.appex; sourceTree = BUILT_PRODUCTS_DIR; };
		98F8117528E4633800D787A4 /* KeyboardViewController.swift */ = {isa = PBXFileReference; lastKnownFileType = sourcecode.swift; path = KeyboardViewController.swift; sourceTree = "<group>"; };
		98F8117728E4633800D787A4 /* Info.plist */ = {isa = PBXFileReference; lastKnownFileType = text.plist.xml; path = Info.plist; sourceTree = "<group>"; };
		98F8118328E4667500D787A4 /* stackem.png */ = {isa = PBXFileReference; lastKnownFileType = image.png; path = stackem.png; sourceTree = "<group>"; };
/* End PBXFileReference section */

/* Begin PBXFrameworksBuildPhase section */
		98F8115428E4551200D787A4 /* Frameworks */ = {
			isa = PBXFrameworksBuildPhase;
			buildActionMask = 2147483647;
			files = (
			);
			runOnlyForDeploymentPostprocessing = 0;
		};
		98F8117028E4633800D787A4 /* Frameworks */ = {
			isa = PBXFrameworksBuildPhase;
			buildActionMask = 2147483647;
			files = (
			);
			runOnlyForDeploymentPostprocessing = 0;
		};
/* End PBXFrameworksBuildPhase section */

/* Begin PBXGroup section */
		98F8114E28E4551200D787A4 = {
			isa = PBXGroup;
			children = (
				98F8115928E4551200D787A4 /* Keybord */,
				98F8117428E4633800D787A4 /* StackEm */,
				98F8115828E4551200D787A4 /* Products */,
			);
			sourceTree = "<group>";
		};
		98F8115828E4551200D787A4 /* Products */ = {
			isa = PBXGroup;
			children = (
				98F8115728E4551200D787A4 /* Keybord.app */,
				98F8117328E4633800D787A4 /* StackEm.appex */,
			);
			name = Products;
			sourceTree = "<group>";
		};
		98F8115928E4551200D787A4 /* Keybord */ = {
			isa = PBXGroup;
			children = (
				98F8115A28E4551200D787A4 /* AppDelegate.swift */,
				98F8115C28E4551200D787A4 /* SceneDelegate.swift */,
				98F8115E28E4551200D787A4 /* ViewController.swift */,
				98F8116028E4551200D787A4 /* Main.storyboard */,
				98F8116328E4551300D787A4 /* Assets.xcassets */,
				98F8116528E4551300D787A4 /* LaunchScreen.storyboard */,
				98F8116828E4551300D787A4 /* Info.plist */,
			);
			path = Keybord;
			sourceTree = "<group>";
		};
		98F8117428E4633800D787A4 /* StackEm */ = {
			isa = PBXGroup;
			children = (
				98F8118328E4667500D787A4 /* stackem.png */,
				98F8117528E4633800D787A4 /* KeyboardViewController.swift */,
				98F8117728E4633800D787A4 /* Info.plist */,
			);
			path = StackEm;
			sourceTree = "<group>";
		};
/* End PBXGroup section */

/* Begin PBXNativeTarget section */
		98F8115628E4551200D787A4 /* Keybord */ = {
			isa = PBXNativeTarget;
			buildConfigurationList = 98F8116B28E4551300D787A4 /* Build configuration list for PBXNativeTarget "Keybord" */;
			buildPhases = (
				98F8115328E4551200D787A4 /* Sources */,
				98F8115428E4551200D787A4 /* Frameworks */,
				98F8115528E4551200D787A4 /* Resources */,
				98F8117E28E4633800D787A4 /* Embed App Extensions */,
			);
			buildRules = (
			);
			dependencies = (
				98F8117928E4633800D787A4 /* PBXTargetDependency */,
			);
			name = Keybord;
			productName = Keybord;
			productReference = 98F8115728E4551200D787A4 /* Keybord.app */;
			productType = "com.apple.product-type.application";
		};
		98F8117228E4633800D787A4 /* StackEm */ = {
			isa = PBXNativeTarget;
			buildConfigurationList = 98F8117B28E4633800D787A4 /* Build configuration list for PBXNativeTarget "StackEm" */;
			buildPhases = (
				98F8116F28E4633800D787A4 /* Sources */,
				98F8117028E4633800D787A4 /* Frameworks */,
				98F8117128E4633800D787A4 /* Resources */,
			);
			buildRules = (
			);
			dependencies = (
			);
			name = StackEm;
			productName = StackEm;
			productReference = 98F8117328E4633800D787A4 /* StackEm.appex */;
			productType = "com.apple.product-type.app-extension";
		};
/* End PBXNativeTarget section */

/* Begin PBXProject section */
		98F8114F28E4551200D787A4 /* Project object */ = {
			isa = PBXProject;
			attributes = {
				LastSwiftUpdateCheck = 1210;
				LastUpgradeCheck = 1210;
				TargetAttributes = {
					98F8115628E4551200D787A4 = {
						CreatedOnToolsVersion = 12.1;
					};
					98F8117228E4633800D787A4 = {
						CreatedOnToolsVersion = 12.1;
					};
				};
			};
			buildConfigurationList = 98F8115228E4551200D787A4 /* Build configuration list for PBXProject "Keybord" */;
			compatibilityVersion = "Xcode 9.3";
			developmentRegion = en;
			hasScannedForEncodings = 0;
			knownRegions = (
				en,
				Base,
			);
			mainGroup = 98F8114E28E4551200D787A4;
			productRefGroup = 98F8115828E4551200D787A4 /* Products */;
			projectDirPath = "";
			projectRoot = "";
			targets = (
				98F8115628E4551200D787A4 /* Keybord */,
				98F8117228E4633800D787A4 /* StackEm */,
			);
		};
/* End PBXProject section */

/* Begin PBXResourcesBuildPhase section */
		98F8115528E4551200D787A4 /* Resources */ = {
			isa = PBXResourcesBuildPhase;
			buildActionMask = 2147483647;
			files = (
				98F8116728E4551300D787A4 /* LaunchScreen.storyboard in Resources */,
				98F8116428E4551300D787A4 /* Assets.xcassets in Resources */,
				98F8116228E4551200D787A4 /* Main.storyboard in Resources */,
			);
			runOnlyForDeploymentPostprocessing = 0;
		};
		98F8117128E4633800D787A4 /* Resources */ = {
			isa = PBXResourcesBuildPhase;
			buildActionMask = 2147483647;
			files = (
				98F8118428E4667500D787A4 /* stackem.png in Resources */,
			);
			runOnlyForDeploymentPostprocessing = 0;
		};
/* End PBXResourcesBuildPhase section */

/* Begin PBXSourcesBuildPhase section */
		98F8115328E4551200D787A4 /* Sources */ = {
			isa = PBXSourcesBuildPhase;
			buildActionMask = 2147483647;
			files = (
				98F8115F28E4551200D787A4 /* ViewController.swift in Sources */,
				98F8115B28E4551200D787A4 /* AppDelegate.swift in Sources */,
				98F8115D28E4551200D787A4 /* SceneDelegate.swift in Sources */,
			);
			runOnlyForDeploymentPostprocessing = 0;
		};
		98F8116F28E4633800D787A4 /* Sources */ = {
			isa = PBXSourcesBuildPhase;
			buildActionMask = 2147483647;
			files = (
				98F8117628E4633800D787A4 /* KeyboardViewController.swift in Sources */,
			);
			runOnlyForDeploymentPostprocessing = 0;
		};
/* End PBXSourcesBuildPhase section */

/* Begin PBXTargetDependency section */
		98F8117928E4633800D787A4 /* PBXTargetDependency */ = {
			isa = PBXTargetDependency;
			target = 98F8117228E4633800D787A4 /* StackEm */;
			targetProxy = 98F8117828E4633800D787A4 /* PBXContainerItemProxy */;
		};
/* End PBXTargetDependency section */

/* Begin PBXVariantGroup section */
		98F8116028E4551200D787A4 /* Main.storyboard */ = {
			isa = PBXVariantGroup;
			children = (
				98F8116128E4551200D787A4 /* Base */,
			);
			name = Main.storyboard;
			sourceTree = "<group>";
		};
		98F8116528E4551300D787A4 /* LaunchScreen.storyboard */ = {
			isa = PBXVariantGroup;
			children = (
				98F8116628E4551300D787A4 /* Base */,
			);
			name = LaunchScreen.storyboard;
			sourceTree = "<group>";
		};
/* End PBXVariantGroup section */

/* Begin XCBuildConfiguration section */
		98F8116928E4551300D787A4 /* Debug */ = {
			isa = XCBuildConfiguration;
			buildSettings = {
				ALWAYS_SEARCH_USER_PATHS = NO;
				CLANG_ANALYZER_NONNULL = YES;
				CLANG_ANALYZER_NUMBER_OBJECT_CONVERSION = YES_AGGRESSIVE;
				CLANG_CXX_LANGUAGE_STANDARD = "gnu++14";
				CLANG_CXX_LIBRARY = "libc++";
				CLANG_ENABLE_MODULES = YES;
				CLANG_ENABLE_OBJC_ARC = YES;
				CLANG_ENABLE_OBJC_WEAK = YES;
				CLANG_WARN_BLOCK_CAPTURE_AUTORELEASING = YES;
				CLANG_WARN_BOOL_CONVERSION = YES;
				CLANG_WARN_COMMA = YES;
				CLANG_WARN_CONSTANT_CONVERSION = YES;
				CLANG_WARN_DEPRECATED_OBJC_IMPLEMENTATIONS = YES;
				CLANG_WARN_DIRECT_OBJC_ISA_USAGE = YES_ERROR;
				CLANG_WARN_DOCUMENTATION_COMMENTS = YES;
				CLANG_WARN_EMPTY_BODY = YES;
				CLANG_WARN_ENUM_CONVERSION = YES;
				CLANG_WARN_INFINITE_RECURSION = YES;
				CLANG_WARN_INT_CONVERSION = YES;
				CLANG_WARN_NON_LITERAL_NULL_CONVERSION = YES;
				CLANG_WARN_OBJC_IMPLICIT_RETAIN_SELF = YES;
				CLANG_WARN_OBJC_LITERAL_CONVERSION = YES;
				CLANG_WARN_OBJC_ROOT_CLASS = YES_ERROR;
				CLANG_WARN_QUOTED_INCLUDE_IN_FRAMEWORK_HEADER = YES;
				CLANG_WARN_RANGE_LOOP_ANALYSIS = YES;
				CLANG_WARN_STRICT_PROTOTYPES = YES;
				CLANG_WARN_SUSPICIOUS_MOVE = YES;
				CLANG_WARN_UNGUARDED_AVAILABILITY = YES_AGGRESSIVE;
				CLANG_WARN_UNREACHABLE_CODE = YES;
				CLANG_WARN__DUPLICATE_METHOD_MATCH = YES;
				COPY_PHASE_STRIP = NO;
				DEBUG_INFORMATION_FORMAT = dwarf;
				ENABLE_STRICT_OBJC_MSGSEND = YES;
				ENABLE_TESTABILITY = YES;
				GCC_C_LANGUAGE_STANDARD = gnu11;
				GCC_DYNAMIC_NO_PIC = NO;
				GCC_NO_COMMON_BLOCKS = YES;
				GCC_OPTIMIZATION_LEVEL = 0;
				GCC_PREPROCESSOR_DEFINITIONS = (
					"DEBUG=1",
					"$(inherited)",
				);
				GCC_WARN_64_TO_32_BIT_CONVERSION = YES;
				GCC_WARN_ABOUT_RETURN_TYPE = YES_ERROR;
				GCC_WARN_UNDECLARED_SELECTOR = YES;
				GCC_WARN_UNINITIALIZED_AUTOS = YES_AGGRESSIVE;
				GCC_WARN_UNUSED_FUNCTION = YES;
				GCC_WARN_UNUSED_VARIABLE = YES;
				IPHONEOS_DEPLOYMENT_TARGET = 14.1;
				MTL_ENABLE_DEBUG_INFO = INCLUDE_SOURCE;
				MTL_FAST_MATH = YES;
				ONLY_ACTIVE_ARCH = YES;
				SDKROOT = iphoneos;
				SWIFT_ACTIVE_COMPILATION_CONDITIONS = DEBUG;
				SWIFT_OPTIMIZATION_LEVEL = "-Onone";
			};
			name = Debug;
		};
		98F8116A28E4551300D787A4 /* Release */ = {
			isa = XCBuildConfiguration;
			buildSettings = {
				ALWAYS_SEARCH_USER_PATHS = NO;
				CLANG_ANALYZER_NONNULL = YES;
				CLANG_ANALYZER_NUMBER_OBJECT_CONVERSION = YES_AGGRESSIVE;
				CLANG_CXX_LANGUAGE_STANDARD = "gnu++14";
				CLANG_CXX_LIBRARY = "libc++";
				CLANG_ENABLE_MODULES = YES;
				CLANG_ENABLE_OBJC_ARC = YES;
				CLANG_ENABLE_OBJC_WEAK = YES;
				CLANG_WARN_BLOCK_CAPTURE_AUTORELEASING = YES;
				CLANG_WARN_BOOL_CONVERSION = YES;
				CLANG_WARN_COMMA = YES;
				CLANG_WARN_CONSTANT_CONVERSION = YES;
				CLANG_WARN_DEPRECATED_OBJC_IMPLEMENTATIONS = YES;
				CLANG_WARN_DIRECT_OBJC_ISA_USAGE = YES_ERROR;
				CLANG_WARN_DOCUMENTATION_COMMENTS = YES;
				CLANG_WARN_EMPTY_BODY = YES;
				CLANG_WARN_ENUM_CONVERSION = YES;
				CLANG_WARN_INFINITE_RECURSION = YES;
				CLANG_WARN_INT_CONVERSION = YES;
				CLANG_WARN_NON_LITERAL_NULL_CONVERSION = YES;
				CLANG_WARN_OBJC_IMPLICIT_RETAIN_SELF = YES;
				CLANG_WARN_OBJC_LITERAL_CONVERSION = YES;
				CLANG_WARN_OBJC_ROOT_CLASS = YES_ERROR;
				CLANG_WARN_QUOTED_INCLUDE_IN_FRAMEWORK_HEADER = YES;
				CLANG_WARN_RANGE_LOOP_ANALYSIS = YES;
				CLANG_WARN_STRICT_PROTOTYPES = YES;
				CLANG_WARN_SUSPICIOUS_MOVE = YES;
				CLANG_WARN_UNGUARDED_AVAILABILITY = YES_AGGRESSIVE;
				CLANG_WARN_UNREACHABLE_CODE = YES;
				CLANG_WARN__DUPLICATE_METHOD_MATCH = YES;
				COPY_PHASE_STRIP = NO;
				DEBUG_INFORMATION_FORMAT = "dwarf-with-dsym";
				ENABLE_NS_ASSERTIONS = NO;
				ENABLE_STRICT_OBJC_MSGSEND = YES;
				GCC_C_LANGUAGE_STANDARD = gnu11;
				GCC_NO_COMMON_BLOCKS = YES;
				GCC_WARN_64_TO_32_BIT_CONVERSION = YES;
				GCC_WARN_ABOUT_RETURN_TYPE = YES_ERROR;
				GCC_WARN_UNDECLARED_SELECTOR = YES;
				GCC_WARN_UNINITIALIZED_AUTOS = YES_AGGRESSIVE;
				GCC_WARN_UNUSED_FUNCTION = YES;
				GCC_WARN_UNUSED_VARIABLE = YES;
				IPHONEOS_DEPLOYMENT_TARGET = 14.1;
				MTL_ENABLE_DEBUG_INFO = NO;
				MTL_FAST_MATH = YES;
				SDKROOT = iphoneos;
				SWIFT_COMPILATION_MODE = wholemodule;
				SWIFT_OPTIMIZATION_LEVEL = "-O";
				VALIDATE_PRODUCT = YES;
			};
			name = Release;
		};
		98F8116C28E4551300D787A4 /* Debug */ = {
			isa = XCBuildConfiguration;
			buildSettings = {
				ALWAYS_EMBED_SWIFT_STANDARD_LIBRARIES = YES;
				ASSETCATALOG_COMPILER_APPICON_NAME = AppIcon;
				ASSETCATALOG_COMPILER_GLOBAL_ACCENT_COLOR_NAME = AccentColor;
				CODE_SIGN_STYLE = Automatic;
				DEVELOPMENT_TEAM = RJXDHCP7Z6;
				INFOPLIST_FILE = Keybord/Info.plist;
				LD_RUNPATH_SEARCH_PATHS = (
					"$(inherited)",
					"@executable_path/Frameworks",
				);
				PRODUCT_BUNDLE_IDENTIFIER = personal.Keybord;
				PRODUCT_NAME = "$(TARGET_NAME)";
				SWIFT_VERSION = 5.0;
				TARGETED_DEVICE_FAMILY = "1,2";
			};
			name = Debug;
		};
		98F8116D28E4551300D787A4 /* Release */ = {
			isa = XCBuildConfiguration;
			buildSettings = {
				ALWAYS_EMBED_SWIFT_STANDARD_LIBRARIES = YES;
				ASSETCATALOG_COMPILER_APPICON_NAME = AppIcon;
				ASSETCATALOG_COMPILER_GLOBAL_ACCENT_COLOR_NAME = AccentColor;
				CODE_SIGN_STYLE = Automatic;
				DEVELOPMENT_TEAM = RJXDHCP7Z6;
				INFOPLIST_FILE = Keybord/Info.plist;
				LD_RUNPATH_SEARCH_PATHS = (
					"$(inherited)",
					"@executable_path/Frameworks",
				);
				PRODUCT_BUNDLE_IDENTIFIER = personal.Keybord;
				PRODUCT_NAME = "$(TARGET_NAME)";
				SWIFT_VERSION = 5.0;
				TARGETED_DEVICE_FAMILY = "1,2";
			};
			name = Release;
		};
		98F8117C28E4633800D787A4 /* Debug */ = {
			isa = XCBuildConfiguration;
			buildSettings = {
				CODE_SIGN_STYLE = Automatic;
				DEVELOPMENT_TEAM = RJXDHCP7Z6;
				INFOPLIST_FILE = StackEm/Info.plist;
				LD_RUNPATH_SEARCH_PATHS = (
					"$(inherited)",
					"@executable_path/Frameworks",
					"@executable_path/../../Frameworks",
				);
				PRODUCT_BUNDLE_IDENTIFIER = personal.Keybord.StackEm;
				PRODUCT_NAME = "$(TARGET_NAME)";
				SKIP_INSTALL = YES;
				SWIFT_VERSION = 5.0;
				TARGETED_DEVICE_FAMILY = "1,2";
			};
			name = Debug;
		};
		98F8117D28E4633800D787A4 /* Release */ = {
			isa = XCBuildConfiguration;
			buildSettings = {
				CODE_SIGN_STYLE = Automatic;
				DEVELOPMENT_TEAM = RJXDHCP7Z6;
				INFOPLIST_FILE = StackEm/Info.plist;
				LD_RUNPATH_SEARCH_PATHS = (
					"$(inherited)",
					"@executable_path/Frameworks",
					"@executable_path/../../Frameworks",
				);
				PRODUCT_BUNDLE_IDENTIFIER = personal.Keybord.StackEm;
				PRODUCT_NAME = "$(TARGET_NAME)";
				SKIP_INSTALL = YES;
				SWIFT_VERSION = 5.0;
				TARGETED_DEVICE_FAMILY = "1,2";
			};
			name = Release;
		};
/* End XCBuildConfiguration section */

/* Begin XCConfigurationList section */
		98F8115228E4551200D787A4 /* Build configuration list for PBXProject "Keybord" */ = {
			isa = XCConfigurationList;
			buildConfigurations = (
				98F8116928E4551300D787A4 /* Debug */,
				98F8116A28E4551300D787A4 /* Release */,
			);
			defaultConfigurationIsVisible = 0;
			defaultConfigurationName = Release;
		};
		98F8116B28E4551300D787A4 /* Build configuration list for PBXNativeTarget "Keybord" */ = {
			isa = XCConfigurationList;
			buildConfigurations = (
				98F8116C28E4551300D787A4 /* Debug */,
				98F8116D28E4551300D787A4 /* Release */,
			);
			defaultConfigurationIsVisible = 0;
			defaultConfigurationName = Release;
		};
		98F8117B28E4633800D787A4 /* Build configuration list for PBXNativeTarget "StackEm" */ = {
			isa = XCConfigurationList;
			buildConfigurations = (
				98F8117C28E4633800D787A4 /* Debug */,
				98F8117D28E4633800D787A4 /* Release */,
			);
			defaultConfigurationIsVisible = 0;
			defaultConfigurationName = Release;
		};
/* End XCConfigurationList section */
	};
	rootObject = 98F8114F28E4551200D787A4 /* Project object */;
}
